
Microsoft Visual Studio Solution File, Format Version 12.00
# Visual Studio Version 17
VisualStudioVersion = 17.0.31903.59
MinimumVisualStudioVersion = 10.0.40219.1
Project("{FAE04EC0-301F-11D3-BF4B-00C04F79EFBC}") = "VMemModifierCore", "VMemModifierCore\VMemModifierCore.csproj", "{01CA2B09-AC5F-11C4-5852-A3C181F643FE}"
EndProject
Project("{FAE04EC0-301F-11D3-BF4B-00C04F79EFBC}") = "VMemModifierConsole", "VMemModifierConsole\VMemModifierConsole.csproj", "{DF6B72C9-9463-9B61-BA5B-FBF5088714B3}"
EndProject
Project("{FAE04EC0-301F-11D3-BF4B-00C04F79EFBC}") = "VMemModifierGUI", "VMemModifierGUI\VMemModifierGUI\VMemModifierGUI.csproj", "{478B1CE0-E285-11D0-8A54-6E99777D40AE}"
EndProject
Global
	GlobalSection(SolutionConfigurationPlatforms) = preSolution
		Debug|Any CPU = Debug|Any CPU
		Release|Any CPU = Release|Any CPU
	EndGlobalSection
	GlobalSection(ProjectConfigurationPlatforms) = postSolution
		{01CA2B09-AC5F-11C4-5852-A3C181F643FE}.Debug|Any CPU.ActiveCfg = Debug|Any CPU
		{01CA2B09-AC5F-11C4-5852-A3C181F643FE}.Debug|Any CPU.Build.0 = Debug|Any CPU
		{01CA2B09-AC5F-11C4-5852-A3C181F643FE}.Release|Any CPU.ActiveCfg = Release|Any CPU
		{01CA2B09-AC5F-11C4-5852-A3C181F643FE}.Release|Any CPU.Build.0 = Release|Any CPU
		{DF6B72C9-9463-9B61-BA5B-FBF5088714B3}.Debug|Any CPU.ActiveCfg = Debug|Any CPU
		{DF6B72C9-9463-9B61-BA5B-FBF5088714B3}.Debug|Any CPU.Build.0 = Debug|Any CPU
		{DF6B72C9-9463-9B61-BA5B-FBF5088714B3}.Release|Any CPU.ActiveCfg = Release|Any CPU
		{DF6B72C9-9463-9B61-BA5B-FBF5088714B3}.Release|Any CPU.Build.0 = Release|Any CPU
		{478B1CE0-E285-11D0-8A54-6E99777D40AE}.Debug|Any CPU.ActiveCfg = Debug|Any CPU
		{478B1CE0-E285-11D0-8A54-6E99777D40AE}.Debug|Any CPU.Build.0 = Debug|Any CPU
		{478B1CE0-E285-11D0-8A54-6E99777D40AE}.Release|Any CPU.ActiveCfg = Release|Any CPU
		{478B1CE0-E285-11D0-8A54-6E99777D40AE}.Release|Any CPU.Build.0 = Release|Any CPU
	EndGlobalSection
	GlobalSection(SolutionProperties) = preSolution
		HideSolutionNode = FALSE
	EndGlobalSection
	GlobalSection(ExtensibilityGlobals) = postSolution
		SolutionGuid = {2EB8EC23-10DB-4755-9E7E-B3BA8DE660F1}
	EndGlobalSection
EndGlobal
